
Microsoft Visual Studio Solution File, Format Version 12.00
# Visual Studio Version 17
VisualStudioVersion = 17.5.33502.453
MinimumVisualStudioVersion = 10.0.40219.1
Project("{9A19103F-16F7-4668-BE54-9A1E7A4F7556}") = "SongsListApp", "SongsListApp\SongsListApp.csproj", "{5972F2BF-513C-43E8-BAB9-E9846C29D876}"
EndProject
Global
	GlobalSection(SolutionConfigurationPlatforms) = preSolution
		Debug|Any CPU = Debug|Any CPU
		Release|Any CPU = Release|Any CPU
	EndGlobalSection
	GlobalSection(ProjectConfigurationPlatforms) = postSolution
		{5972F2BF-513C-43E8-BAB9-E9846C29D876}.Debug|Any CPU.ActiveCfg = Debug|Any CPU
		{5972F2BF-513C-43E8-BAB9-E9846C29D876}.Debug|Any CPU.Build.0 = Debug|Any CPU
		{5972F2BF-513C-43E8-BAB9-E9846C29D876}.Release|Any CPU.ActiveCfg = Release|Any CPU
		{5972F2BF-513C-43E8-BAB9-E9846C29D876}.Release|Any CPU.Build.0 = Release|Any CPU
	EndGlobalSection
	GlobalSection(SolutionProperties) = preSolution
		HideSolutionNode = FALSE
	EndGlobalSection
	GlobalSection(ExtensibilityGlobals) = postSolution
		SolutionGuid = {F2FF0F62-7A6C-4D8E-BAE2-E726F69F0839}
	EndGlobalSection
EndGlobal
